
Microsoft Visual Studio Solution File, Format Version 12.00
# Visual Studio 15
VisualStudioVersion = 15.0.27130.2036
MinimumVisualStudioVersion = 10.0.40219.1
Project("{FAE04EC0-301F-11D3-BF4B-00C04F79EFBC}") = "SqlLite.UI", "SqlLite.UI\SqlLite.UI.csproj", "{B04C5CB9-E889-4A51-B135-5C90D134AFEE}"
EndProject
Global
	GlobalSection(SolutionConfigurationPlatforms) = preSolution
		Debug|Any CPU = Debug|Any CPU
		Release|Any CPU = Release|Any CPU
	EndGlobalSection
	GlobalSection(ProjectConfigurationPlatforms) = postSolution
		{B04C5CB9-E889-4A51-B135-5C90D134AFEE}.Debug|Any CPU.ActiveCfg = Debug|Any CPU
		{B04C5CB9-E889-4A51-B135-5C90D134AFEE}.Debug|Any CPU.Build.0 = Debug|Any CPU
		{B04C5CB9-E889-4A51-B135-5C90D134AFEE}.Release|Any CPU.ActiveCfg = Release|Any CPU
		{B04C5CB9-E889-4A51-B135-5C90D134AFEE}.Release|Any CPU.Build.0 = Release|Any CPU
	EndGlobalSection
	GlobalSection(SolutionProperties) = preSolution
		HideSolutionNode = FALSE
	EndGlobalSection
	GlobalSection(ExtensibilityGlobals) = postSolution
		SolutionGuid = {9D4A41C1-D128-4842-82E2-E26DAAAEC417}
	EndGlobalSection
EndGlobal
